{
  "object": {
    "pins": [
      {
        "package": "Scyther",
        "repositoryURL": "/Users/stefanhaider/Documents/XcodeWorkespace/Scyther",
        "state": {
          "branch": "stfnhdr_remove_depenencies",
          "revision": "d020020aa0e0325a487c3dd79575b79ac424046f",
          "version": null
        }
      }
    ]
  },
  "version": 1
}
