{
  "object": {
    "pins": [
      {
        "package": "Scyther",
        "repositoryURL": "https://github.com/bstillitano/scyther",
        "state": {
          "branch": "feature/location-spoofer",
          "revision": "aa10f56cd52a3759f7c93176ba5113dc4acf63f3",
          "version": null
        }
      },
      {
        "package": "SnapKit",
        "repositoryURL": "https://github.com/SnapKit/SnapKit",
        "state": {
          "branch": null,
          "revision": "d458564516e5676af9c70b4f4b2a9178294f1bc6",
          "version": "5.0.1"
        }
      }
    ]
  },
  "version": 1
}
