{
  "object": {
    "pins": [
      {
        "package": "Scyther",
        "repositoryURL": "https://github.com/bstillitano/scyther",
        "state": {
          "branch": "feature/location-spoofer",
          "revision": "b898eb4e4cef6f818b5f77db04d9daaabb21f130",
          "version": null
        }
      },
      {
        "package": "SnapKit",
        "repositoryURL": "https://github.com/SnapKit/SnapKit",
        "state": {
          "branch": null,
          "revision": "d458564516e5676af9c70b4f4b2a9178294f1bc6",
          "version": "5.0.1"
        }
      }
    ]
  },
  "version": 1
}
