{
  "object": {
    "pins": [
      {
        "package": "DTModelStorage",
        "repositoryURL": "https://github.com/DenTelezhkin/DTModelStorage",
        "state": {
          "branch": null,
          "revision": "d2af2d452a04b7b1eb2547b6313b473f5cfca802",
          "version": "9.0.1"
        }
      },
      {
        "package": "DTTableViewManager",
        "repositoryURL": "https://github.com/DenTelezhkin/DTTableViewManager",
        "state": {
          "branch": null,
          "revision": "56a2e6ff04557210f2856c2482d9750c94483eb1",
          "version": "8.0.0"
        }
      },
      {
        "package": "SnapKit",
        "repositoryURL": "https://github.com/SnapKit/SnapKit",
        "state": {
          "branch": null,
          "revision": "d458564516e5676af9c70b4f4b2a9178294f1bc6",
          "version": "5.0.1"
        }
      }
    ]
  },
  "version": 1
}
